<?xml version="1.0"?>
<CONFIG>
  <ProjectOptions>
    <PathDelim Value="\"/>
    <Version Value="7"/>
    <General>
      <Flags>
        <AlwaysBuild Value="False"/>
      </Flags>
      <MainUnit Value="0"/>
      <TargetFileExt Value=".exe"/>
      <Icon Value="0"/>
      <UseXPManifest Value="True"/>
      <ActiveEditorIndexAtStart Value="0"/>
    </General>
    <VersionInfo>
      <ProjectVersion Value=""/>
    </VersionInfo>
    <PublishOptions>
      <Version Value="2"/>
      <IgnoreBinaries Value="False"/>
      <IncludeFileFilter Value="*.(pas|pp|inc|lfm|lpr|lrs|lpi|lpk|sh|xml)"/>
      <ExcludeFileFilter Value="*.(bak|ppu|ppw|o|so);*~;backup"/>
    </PublishOptions>
    <RunParams>
      <local>
        <FormatVersion Value="1"/>
        <LaunchingApplication PathPlusParams="/usr/X11R6/bin/xterm -T 'Lazarus Run Output' -e $(LazarusDir)/tools/runwait.sh $(TargetCmdLine)"/>
      </local>
    </RunParams>
    <RequiredPackages Count="1">
      <Item1>
        <PackageName Value="LCL"/>
      </Item1>
    </RequiredPackages>
    <Units Count="3">
      <Unit0>
        <Filename Value="Pipes.lpr"/>
        <IsPartOfProject Value="True"/>
        <UnitName Value="Pipes"/>
        <CursorPos X="72" Y="21"/>
        <TopLine Value="1"/>
        <EditorIndex Value="2"/>
        <UsageCount Value="22"/>
        <Loaded Value="True"/>
      </Unit0>
      <Unit1>
        <Filename Value="main.pas"/>
        <IsPartOfProject Value="True"/>
        <ComponentName Value="frmMain"/>
        <ResourceBaseClass Value="Form"/>
        <UnitName Value="main"/>
        <CursorPos X="96" Y="71"/>
        <TopLine Value="47"/>
        <EditorIndex Value="0"/>
        <UsageCount Value="22"/>
        <Loaded Value="True"/>
      </Unit1>
      <Unit2>
        <Filename Value="main.lrs"/>
        <CursorPos X="1" Y="1"/>
        <TopLine Value="1"/>
        <EditorIndex Value="1"/>
        <UsageCount Value="11"/>
        <Loaded Value="True"/>
      </Unit2>
    </Units>
    <JumpHistory Count="13" HistoryIndex="12">
      <Position1>
        <Filename Value="main.pas"/>
        <Caret Line="30" Column="63" TopLine="1"/>
      </Position1>
      <Position2>
        <Filename Value="main.pas"/>
        <Caret Line="379" Column="6" TopLine="371"/>
      </Position2>
      <Position3>
        <Filename Value="main.pas"/>
        <Caret Line="414" Column="1" TopLine="371"/>
      </Position3>
      <Position4>
        <Filename Value="main.pas"/>
        <Caret Line="172" Column="7" TopLine="149"/>
      </Position4>
      <Position5>
        <Filename Value="main.pas"/>
        <Caret Line="32" Column="29" TopLine="9"/>
      </Position5>
      <Position6>
        <Filename Value="main.pas"/>
        <Caret Line="36" Column="18" TopLine="1"/>
      </Position6>
      <Position7>
        <Filename Value="main.lrs"/>
        <Caret Line="1" Column="17" TopLine="1"/>
      </Position7>
      <Position8>
        <Filename Value="main.lrs"/>
        <Caret Line="30" Column="30" TopLine="1"/>
      </Position8>
      <Position9>
        <Filename Value="main.lrs"/>
        <Caret Line="1" Column="18" TopLine="1"/>
      </Position9>
      <Position10>
        <Filename Value="main.pas"/>
        <Caret Line="384" Column="18" TopLine="224"/>
      </Position10>
      <Position11>
        <Filename Value="main.pas"/>
        <Caret Line="7" Column="101" TopLine="1"/>
      </Position11>
      <Position12>
        <Filename Value="main.pas"/>
        <Caret Line="8" Column="3" TopLine="1"/>
      </Position12>
      <Position13>
        <Filename Value="main.pas"/>
        <Caret Line="74" Column="1" TopLine="43"/>
      </Position13>
    </JumpHistory>
  </ProjectOptions>
  <CompilerOptions>
    <Version Value="8"/>
    <PathDelim Value="\"/>
    <Target>
      <Filename Value="..\bin\Pipes.exe"/>
    </Target>
    <SearchPaths>
      <IncludeFiles Value="$(ProjOutDir)\"/>
      <UnitOutputDirectory Value="..\obj\"/>
    </SearchPaths>
    <Linking>
      <Options>
        <Win32>
          <GraphicApplication Value="True"/>
        </Win32>
      </Options>
    </Linking>
    <Other>
      <CompilerPath Value="$(CompPath)"/>
    </Other>
  </CompilerOptions>
  <Debugging>
    <Exceptions Count="3">
      <Item1>
        <Name Value="EAbort"/>
      </Item1>
      <Item2>
        <Name Value="ECodetoolError"/>
      </Item2>
      <Item3>
        <Name Value="EFOpenError"/>
      </Item3>
    </Exceptions>
  </Debugging>
</CONFIG>
